
Microsoft Visual Studio Solution File, Format Version 12.00
# Visual Studio Version 17
VisualStudioVersion = 17.11.35327.3
MinimumVisualStudioVersion = 10.0.40219.1
Project("{FAE04EC0-301F-11D3-BF4B-00C04F79EFBC}") = "StudGo.Web", "StudGo.Web\StudGo.Web.csproj", "{DF025AF6-6669-4356-98C6-94356B0B26B9}"
EndProject
Project("{FAE04EC0-301F-11D3-BF4B-00C04F79EFBC}") = "StudGo.Data", "StudGo.Data\StudGo.Data.csproj", "{889F8869-7644-43B4-8273-DC9B256240C2}"
EndProject
Project("{FAE04EC0-301F-11D3-BF4B-00C04F79EFBC}") = "StudGo.Service", "StudGo.Service\StudGo.Service.csproj", "{6407A33F-8B3B-4660-B434-D71991E8C80A}"
EndProject
Global
	GlobalSection(SolutionConfigurationPlatforms) = preSolution
		Debug|Any CPU = Debug|Any CPU
		Release|Any CPU = Release|Any CPU
	EndGlobalSection
	GlobalSection(ProjectConfigurationPlatforms) = postSolution
		{DF025AF6-6669-4356-98C6-94356B0B26B9}.Debug|Any CPU.ActiveCfg = Debug|Any CPU
		{DF025AF6-6669-4356-98C6-94356B0B26B9}.Debug|Any CPU.Build.0 = Debug|Any CPU
		{DF025AF6-6669-4356-98C6-94356B0B26B9}.Release|Any CPU.ActiveCfg = Release|Any CPU
		{DF025AF6-6669-4356-98C6-94356B0B26B9}.Release|Any CPU.Build.0 = Release|Any CPU
		{889F8869-7644-43B4-8273-DC9B256240C2}.Debug|Any CPU.ActiveCfg = Debug|Any CPU
		{889F8869-7644-43B4-8273-DC9B256240C2}.Debug|Any CPU.Build.0 = Debug|Any CPU
		{889F8869-7644-43B4-8273-DC9B256240C2}.Release|Any CPU.ActiveCfg = Release|Any CPU
		{889F8869-7644-43B4-8273-DC9B256240C2}.Release|Any CPU.Build.0 = Release|Any CPU
		{6407A33F-8B3B-4660-B434-D71991E8C80A}.Debug|Any CPU.ActiveCfg = Debug|Any CPU
		{6407A33F-8B3B-4660-B434-D71991E8C80A}.Debug|Any CPU.Build.0 = Debug|Any CPU
		{6407A33F-8B3B-4660-B434-D71991E8C80A}.Release|Any CPU.ActiveCfg = Release|Any CPU
		{6407A33F-8B3B-4660-B434-D71991E8C80A}.Release|Any CPU.Build.0 = Release|Any CPU
	EndGlobalSection
	GlobalSection(SolutionProperties) = preSolution
		HideSolutionNode = FALSE
	EndGlobalSection
	GlobalSection(ExtensibilityGlobals) = postSolution
		SolutionGuid = {AC9FC7B2-D28B-4E1A-AA84-1BA4F32C94CD}
	EndGlobalSection
EndGlobal
